
Microsoft Visual Studio Solution File, Format Version 12.00
# Visual Studio Version 17
VisualStudioVersion = 17.5.33414.496
MinimumVisualStudioVersion = 10.0.40219.1
Project("{FAE04EC0-301F-11D3-BF4B-00C04F79EFBC}") = "WinFormsApp1", "WinFormsApp1\WinFormsApp1.csproj", "{18B26037-D229-4196-8C56-EB374369A24D}"
EndProject
Global
	GlobalSection(SolutionConfigurationPlatforms) = preSolution
		Debug|Any CPU = Debug|Any CPU
		Release|Any CPU = Release|Any CPU
	EndGlobalSection
	GlobalSection(ProjectConfigurationPlatforms) = postSolution
		{18B26037-D229-4196-8C56-EB374369A24D}.Debug|Any CPU.ActiveCfg = Debug|Any CPU
		{18B26037-D229-4196-8C56-EB374369A24D}.Debug|Any CPU.Build.0 = Debug|Any CPU
		{18B26037-D229-4196-8C56-EB374369A24D}.Release|Any CPU.ActiveCfg = Release|Any CPU
		{18B26037-D229-4196-8C56-EB374369A24D}.Release|Any CPU.Build.0 = Release|Any CPU
	EndGlobalSection
	GlobalSection(SolutionProperties) = preSolution
		HideSolutionNode = FALSE
	EndGlobalSection
	GlobalSection(ExtensibilityGlobals) = postSolution
		SolutionGuid = {C6CFBCC8-523E-4DDB-9D7C-77B9F73D1023}
	EndGlobalSection
EndGlobal
